
Microsoft Visual Studio Solution File, Format Version 12.00
# Visual Studio Version 16
VisualStudioVersion = 16.0.31911.196
MinimumVisualStudioVersion = 10.0.40219.1
Project("{FAE04EC0-301F-11D3-BF4B-00C04F79EFBC}") = "PasswordGenerator", "PasswordGenerator\PasswordGenerator.csproj", "{EEE016D7-CF88-4DDF-A3C3-5B8E492E249F}"
EndProject
Global
	GlobalSection(SolutionConfigurationPlatforms) = preSolution
		Debug|Any CPU = Debug|Any CPU
		Release|Any CPU = Release|Any CPU
	EndGlobalSection
	GlobalSection(ProjectConfigurationPlatforms) = postSolution
		{EEE016D7-CF88-4DDF-A3C3-5B8E492E249F}.Debug|Any CPU.ActiveCfg = Debug|Any CPU
		{EEE016D7-CF88-4DDF-A3C3-5B8E492E249F}.Debug|Any CPU.Build.0 = Debug|Any CPU
		{EEE016D7-CF88-4DDF-A3C3-5B8E492E249F}.Release|Any CPU.ActiveCfg = Release|Any CPU
		{EEE016D7-CF88-4DDF-A3C3-5B8E492E249F}.Release|Any CPU.Build.0 = Release|Any CPU
	EndGlobalSection
	GlobalSection(SolutionProperties) = preSolution
		HideSolutionNode = FALSE
	EndGlobalSection
	GlobalSection(ExtensibilityGlobals) = postSolution
		SolutionGuid = {6DADC627-7F80-4149-974B-5CA77C944357}
	EndGlobalSection
EndGlobal
